{
	"name": "@hsulaosi-cli/core",
	"version": "1.0.0",
	"lockfileVersion": 2,
	"requires": true,
	"packages": {
		"": {
			"name": "@hsulaosi-cli/core",
			"version": "1.0.0",
			"license": "MIT",
			"dependencies": {
				"laosicli": "^0.1.0"
			}
		},
		"node_modules/laosicli": {
			"version": "0.1.0",
			"resolved": "https://registry.npmjs.org/laosicli/-/laosicli-0.1.0.tgz",
			"integrity": "sha512-PwAUZ0Ek06TWs3bldqp//KTQVmLtHemZVm3iRNRqKHqAIkofX464Xmp59aYK6DbWAm0NP2XpFR0FIVsr0J6e1A==",
			"bin": {
				"laosi-cli": "bin/index.js"
			}
		}
	},
	"dependencies": {
		"laosicli": {
			"version": "0.1.0",
			"resolved": "https://registry.npmjs.org/laosicli/-/laosicli-0.1.0.tgz",
			"integrity": "sha512-PwAUZ0Ek06TWs3bldqp//KTQVmLtHemZVm3iRNRqKHqAIkofX464Xmp59aYK6DbWAm0NP2XpFR0FIVsr0J6e1A=="
		}
	}
}
